// !$*UTF8*$!
{
	archiveVersion = 1;
	classes = {
	};
	objectVersion = 50;
	objects = {

/* Begin PBXBuildFile section */
		7F992E47225914AE00B2F580 /* ElectronsView.swift in Sources */ = {isa = PBXBuildFile; fileRef = 7F992E46225914AE00B2F580 /* ElectronsView.swift */; };
		7F992E49225915B900B2F580 /* ElectronsModel.swift in Sources */ = {isa = PBXBuildFile; fileRef = 7F992E48225915B900B2F580 /* ElectronsModel.swift */; };
		7F992E4B225915E500B2F580 /* Electron.swift in Sources */ = {isa = PBXBuildFile; fileRef = 7F992E4A225915E500B2F580 /* Electron.swift */; };
		7FBC4D4C2258EC81008D5C75 /* AppDelegate.swift in Sources */ = {isa = PBXBuildFile; fileRef = 7FBC4D4B2258EC81008D5C75 /* AppDelegate.swift */; };
		7FBC4D532258EC82008D5C75 /* Assets.xcassets in Resources */ = {isa = PBXBuildFile; fileRef = 7FBC4D522258EC82008D5C75 /* Assets.xcassets */; };
		7FBC4D562258EC82008D5C75 /* LaunchScreen.storyboard in Resources */ = {isa = PBXBuildFile; fileRef = 7FBC4D542258EC82008D5C75 /* LaunchScreen.storyboard */; };
		7FBC4D5E2258ECA2008D5C75 /* ElectronsViewController.swift in Sources */ = {isa = PBXBuildFile; fileRef = 7FBC4D5D2258ECA2008D5C75 /* ElectronsViewController.swift */; };
/* End PBXBuildFile section */

/* Begin PBXFileReference section */
		7F992E46225914AE00B2F580 /* ElectronsView.swift */ = {isa = PBXFileReference; lastKnownFileType = sourcecode.swift; path = ElectronsView.swift; sourceTree = "<group>"; };
		7F992E48225915B900B2F580 /* ElectronsModel.swift */ = {isa = PBXFileReference; lastKnownFileType = sourcecode.swift; path = ElectronsModel.swift; sourceTree = "<group>"; };
		7F992E4A225915E500B2F580 /* Electron.swift */ = {isa = PBXFileReference; lastKnownFileType = sourcecode.swift; path = Electron.swift; sourceTree = "<group>"; };
		7FBC4D482258EC81008D5C75 /* Electrons.app */ = {isa = PBXFileReference; explicitFileType = wrapper.application; includeInIndex = 0; path = Electrons.app; sourceTree = BUILT_PRODUCTS_DIR; };
		7FBC4D4B2258EC81008D5C75 /* AppDelegate.swift */ = {isa = PBXFileReference; lastKnownFileType = sourcecode.swift; path = AppDelegate.swift; sourceTree = "<group>"; };
		7FBC4D522258EC82008D5C75 /* Assets.xcassets */ = {isa = PBXFileReference; lastKnownFileType = folder.assetcatalog; path = Assets.xcassets; sourceTree = "<group>"; };
		7FBC4D552258EC82008D5C75 /* Base */ = {isa = PBXFileReference; lastKnownFileType = file.storyboard; name = Base; path = Base.lproj/LaunchScreen.storyboard; sourceTree = "<group>"; };
		7FBC4D572258EC82008D5C75 /* Info.plist */ = {isa = PBXFileReference; lastKnownFileType = text.plist.xml; path = Info.plist; sourceTree = "<group>"; };
		7FBC4D5D2258ECA2008D5C75 /* ElectronsViewController.swift */ = {isa = PBXFileReference; lastKnownFileType = sourcecode.swift; path = ElectronsViewController.swift; sourceTree = "<group>"; };
/* End PBXFileReference section */

/* Begin PBXFrameworksBuildPhase section */
		7FBC4D452258EC81008D5C75 /* Frameworks */ = {
			isa = PBXFrameworksBuildPhase;
			buildActionMask = 2147483647;
			files = (
			);
			runOnlyForDeploymentPostprocessing = 0;
		};
/* End PBXFrameworksBuildPhase section */

/* Begin PBXGroup section */
		7FBC4D3F2258EC81008D5C75 = {
			isa = PBXGroup;
			children = (
				7FBC4D4A2258EC81008D5C75 /* Electrons */,
				7FBC4D492258EC81008D5C75 /* Products */,
			);
			sourceTree = "<group>";
		};
		7FBC4D492258EC81008D5C75 /* Products */ = {
			isa = PBXGroup;
			children = (
				7FBC4D482258EC81008D5C75 /* Electrons.app */,
			);
			name = Products;
			sourceTree = "<group>";
		};
		7FBC4D4A2258EC81008D5C75 /* Electrons */ = {
			isa = PBXGroup;
			children = (
				7FBC4D4B2258EC81008D5C75 /* AppDelegate.swift */,
				7FD625E7226B89330075CBDA /* Model */,
				7FD625E8226B893A0075CBDA /* View */,
				7FD625E6226B89250075CBDA /* Controller */,
				7FBC4D522258EC82008D5C75 /* Assets.xcassets */,
				7FBC4D542258EC82008D5C75 /* LaunchScreen.storyboard */,
				7FBC4D572258EC82008D5C75 /* Info.plist */,
			);
			path = Electrons;
			sourceTree = "<group>";
		};
		7FD625E6226B89250075CBDA /* Controller */ = {
			isa = PBXGroup;
			children = (
				7FBC4D5D2258ECA2008D5C75 /* ElectronsViewController.swift */,
			);
			path = Controller;
			sourceTree = "<group>";
		};
		7FD625E7226B89330075CBDA /* Model */ = {
			isa = PBXGroup;
			children = (
				7F992E48225915B900B2F580 /* ElectronsModel.swift */,
				7F992E4A225915E500B2F580 /* Electron.swift */,
			);
			path = Model;
			sourceTree = "<group>";
		};
		7FD625E8226B893A0075CBDA /* View */ = {
			isa = PBXGroup;
			children = (
				7F992E46225914AE00B2F580 /* ElectronsView.swift */,
			);
			path = View;
			sourceTree = "<group>";
		};
/* End PBXGroup section */

/* Begin PBXNativeTarget section */
		7FBC4D472258EC81008D5C75 /* Electrons */ = {
			isa = PBXNativeTarget;
			buildConfigurationList = 7FBC4D5A2258EC82008D5C75 /* Build configuration list for PBXNativeTarget "Electrons" */;
			buildPhases = (
				7FBC4D442258EC81008D5C75 /* Sources */,
				7FBC4D452258EC81008D5C75 /* Frameworks */,
				7FBC4D462258EC81008D5C75 /* Resources */,
			);
			buildRules = (
			);
			dependencies = (
			);
			name = Electrons;
			productName = Electrons;
			productReference = 7FBC4D482258EC81008D5C75 /* Electrons.app */;
			productType = "com.apple.product-type.application";
		};
/* End PBXNativeTarget section */

/* Begin PBXProject section */
		7FBC4D402258EC81008D5C75 /* Project object */ = {
			isa = PBXProject;
			attributes = {
				LastSwiftUpdateCheck = 1020;
				LastUpgradeCheck = 1020;
				ORGANIZATIONNAME = Applyn;
				TargetAttributes = {
					7FBC4D472258EC81008D5C75 = {
						CreatedOnToolsVersion = 10.2;
					};
				};
			};
			buildConfigurationList = 7FBC4D432258EC81008D5C75 /* Build configuration list for PBXProject "Electrons" */;
			compatibilityVersion = "Xcode 9.3";
			developmentRegion = en;
			hasScannedForEncodings = 0;
			knownRegions = (
				en,
				Base,
			);
			mainGroup = 7FBC4D3F2258EC81008D5C75;
			productRefGroup = 7FBC4D492258EC81008D5C75 /* Products */;
			projectDirPath = "";
			projectRoot = "";
			targets = (
				7FBC4D472258EC81008D5C75 /* Electrons */,
			);
		};
/* End PBXProject section */

/* Begin PBXResourcesBuildPhase section */
		7FBC4D462258EC81008D5C75 /* Resources */ = {
			isa = PBXResourcesBuildPhase;
			buildActionMask = 2147483647;
			files = (
				7FBC4D562258EC82008D5C75 /* LaunchScreen.storyboard in Resources */,
				7FBC4D532258EC82008D5C75 /* Assets.xcassets in Resources */,
			);
			runOnlyForDeploymentPostprocessing = 0;
		};
/* End PBXResourcesBuildPhase section */

/* Begin PBXSourcesBuildPhase section */
		7FBC4D442258EC81008D5C75 /* Sources */ = {
			isa = PBXSourcesBuildPhase;
			buildActionMask = 2147483647;
			files = (
				7F992E47225914AE00B2F580 /* ElectronsView.swift in Sources */,
				7FBC4D5E2258ECA2008D5C75 /* ElectronsViewController.swift in Sources */,
				7F992E4B225915E500B2F580 /* Electron.swift in Sources */,
				7FBC4D4C2258EC81008D5C75 /* AppDelegate.swift in Sources */,
				7F992E49225915B900B2F580 /* ElectronsModel.swift in Sources */,
			);
			runOnlyForDeploymentPostprocessing = 0;
		};
/* End PBXSourcesBuildPhase section */

/* Begin PBXVariantGroup section */
		7FBC4D542258EC82008D5C75 /* LaunchScreen.storyboard */ = {
			isa = PBXVariantGroup;
			children = (
				7FBC4D552258EC82008D5C75 /* Base */,
			);
			name = LaunchScreen.storyboard;
			sourceTree = "<group>";
		};
/* End PBXVariantGroup section */

/* Begin XCBuildConfiguration section */
		7FBC4D582258EC82008D5C75 /* Debug */ = {
			isa = XCBuildConfiguration;
			buildSettings = {
				ALWAYS_SEARCH_USER_PATHS = NO;
				ASSETCATALOG_COMPILER_OPTIMIZATION = time;
				CLANG_ANALYZER_NONNULL = YES;
				CLANG_ANALYZER_NUMBER_OBJECT_CONVERSION = YES_AGGRESSIVE;
				CLANG_CXX_LANGUAGE_STANDARD = "gnu++14";
				CLANG_CXX_LIBRARY = "libc++";
				CLANG_ENABLE_MODULES = YES;
				CLANG_ENABLE_OBJC_ARC = YES;
				CLANG_ENABLE_OBJC_WEAK = YES;
				CLANG_USE_OPTIMIZATION_PROFILE = YES;
				CLANG_WARN_BLOCK_CAPTURE_AUTORELEASING = YES;
				CLANG_WARN_BOOL_CONVERSION = YES;
				CLANG_WARN_COMMA = YES;
				CLANG_WARN_CONSTANT_CONVERSION = YES;
				CLANG_WARN_DEPRECATED_OBJC_IMPLEMENTATIONS = YES;
				CLANG_WARN_DIRECT_OBJC_ISA_USAGE = YES_ERROR;
				CLANG_WARN_DOCUMENTATION_COMMENTS = YES;
				CLANG_WARN_EMPTY_BODY = YES;
				CLANG_WARN_ENUM_CONVERSION = YES;
				CLANG_WARN_INFINITE_RECURSION = YES;
				CLANG_WARN_INT_CONVERSION = YES;
				CLANG_WARN_NON_LITERAL_NULL_CONVERSION = YES;
				CLANG_WARN_OBJC_IMPLICIT_RETAIN_SELF = YES;
				CLANG_WARN_OBJC_LITERAL_CONVERSION = YES;
				CLANG_WARN_OBJC_ROOT_CLASS = YES_ERROR;
				CLANG_WARN_RANGE_LOOP_ANALYSIS = YES;
				CLANG_WARN_STRICT_PROTOTYPES = YES;
				CLANG_WARN_SUSPICIOUS_MOVE = YES;
				CLANG_WARN_UNGUARDED_AVAILABILITY = YES_AGGRESSIVE;
				CLANG_WARN_UNREACHABLE_CODE = YES;
				CLANG_WARN__DUPLICATE_METHOD_MATCH = YES;
				CODE_SIGN_IDENTITY = "iPhone Developer";
				COPY_PHASE_STRIP = NO;
				DEBUG_INFORMATION_FORMAT = dwarf;
				ENABLE_STRICT_OBJC_MSGSEND = YES;
				ENABLE_TESTABILITY = YES;
				GCC_C_LANGUAGE_STANDARD = gnu11;
				GCC_DYNAMIC_NO_PIC = NO;
				GCC_NO_COMMON_BLOCKS = YES;
				GCC_OPTIMIZATION_LEVEL = s;
				GCC_PREPROCESSOR_DEFINITIONS = (
					"DEBUG=1",
					"$(inherited)",
				);
				GCC_WARN_64_TO_32_BIT_CONVERSION = YES;
				GCC_WARN_ABOUT_RETURN_TYPE = YES_ERROR;
				GCC_WARN_UNDECLARED_SELECTOR = YES;
				GCC_WARN_UNINITIALIZED_AUTOS = YES_AGGRESSIVE;
				GCC_WARN_UNUSED_FUNCTION = YES;
				GCC_WARN_UNUSED_VARIABLE = YES;
				IPHONEOS_DEPLOYMENT_TARGET = 12.2;
				LLVM_LTO = YES_THIN;
				MTL_ENABLE_DEBUG_INFO = INCLUDE_SOURCE;
				MTL_FAST_MATH = YES;
				ONLY_ACTIVE_ARCH = YES;
				SDKROOT = iphoneos;
				SWIFT_ACTIVE_COMPILATION_CONDITIONS = DEBUG;
				SWIFT_COMPILATION_MODE = wholemodule;
				SWIFT_OPTIMIZATION_LEVEL = "-O";
			};
			name = Debug;
		};
		7FBC4D592258EC82008D5C75 /* Release */ = {
			isa = XCBuildConfiguration;
			buildSettings = {
				ALWAYS_SEARCH_USER_PATHS = NO;
				ASSETCATALOG_COMPILER_OPTIMIZATION = time;
				CLANG_ANALYZER_NONNULL = YES;
				CLANG_ANALYZER_NUMBER_OBJECT_CONVERSION = YES_AGGRESSIVE;
				CLANG_CXX_LANGUAGE_STANDARD = "gnu++14";
				CLANG_CXX_LIBRARY = "libc++";
				CLANG_ENABLE_MODULES = YES;
				CLANG_ENABLE_OBJC_ARC = YES;
				CLANG_ENABLE_OBJC_WEAK = YES;
				CLANG_USE_OPTIMIZATION_PROFILE = YES;
				CLANG_WARN_BLOCK_CAPTURE_AUTORELEASING = YES;
				CLANG_WARN_BOOL_CONVERSION = YES;
				CLANG_WARN_COMMA = YES;
				CLANG_WARN_CONSTANT_CONVERSION = YES;
				CLANG_WARN_DEPRECATED_OBJC_IMPLEMENTATIONS = YES;
				CLANG_WARN_DIRECT_OBJC_ISA_USAGE = YES_ERROR;
				CLANG_WARN_DOCUMENTATION_COMMENTS = YES;
				CLANG_WARN_EMPTY_BODY = YES;
				CLANG_WARN_ENUM_CONVERSION = YES;
				CLANG_WARN_INFINITE_RECURSION = YES;
				CLANG_WARN_INT_CONVERSION = YES;
				CLANG_WARN_NON_LITERAL_NULL_CONVERSION = YES;
				CLANG_WARN_OBJC_IMPLICIT_RETAIN_SELF = YES;
				CLANG_WARN_OBJC_LITERAL_CONVERSION = YES;
				CLANG_WARN_OBJC_ROOT_CLASS = YES_ERROR;
				CLANG_WARN_RANGE_LOOP_ANALYSIS = YES;
				CLANG_WARN_STRICT_PROTOTYPES = YES;
				CLANG_WARN_SUSPICIOUS_MOVE = YES;
				CLANG_WARN_UNGUARDED_AVAILABILITY = YES_AGGRESSIVE;
				CLANG_WARN_UNREACHABLE_CODE = YES;
				CLANG_WARN__DUPLICATE_METHOD_MATCH = YES;
				CODE_SIGN_IDENTITY = "iPhone Developer";
				COPY_PHASE_STRIP = NO;
				DEBUG_INFORMATION_FORMAT = "dwarf-with-dsym";
				ENABLE_NS_ASSERTIONS = NO;
				ENABLE_STRICT_OBJC_MSGSEND = YES;
				GCC_C_LANGUAGE_STANDARD = gnu11;
				GCC_NO_COMMON_BLOCKS = YES;
				GCC_OPTIMIZATION_LEVEL = s;
				GCC_WARN_64_TO_32_BIT_CONVERSION = YES;
				GCC_WARN_ABOUT_RETURN_TYPE = YES_ERROR;
				GCC_WARN_UNDECLARED_SELECTOR = YES;
				GCC_WARN_UNINITIALIZED_AUTOS = YES_AGGRESSIVE;
				GCC_WARN_UNUSED_FUNCTION = YES;
				GCC_WARN_UNUSED_VARIABLE = YES;
				IPHONEOS_DEPLOYMENT_TARGET = 12.2;
				LLVM_LTO = YES_THIN;
				MTL_ENABLE_DEBUG_INFO = NO;
				MTL_FAST_MATH = YES;
				SDKROOT = iphoneos;
				SWIFT_COMPILATION_MODE = wholemodule;
				SWIFT_OPTIMIZATION_LEVEL = "-O";
				VALIDATE_PRODUCT = YES;
			};
			name = Release;
		};
		7FBC4D5B2258EC82008D5C75 /* Debug */ = {
			isa = XCBuildConfiguration;
			buildSettings = {
				ASSETCATALOG_COMPILER_APPICON_NAME = AppIcon;
				ASSETCATALOG_COMPILER_OPTIMIZATION = time;
				CODE_SIGN_STYLE = Automatic;
				DEVELOPMENT_TEAM = B9K7BH8N94;
				GCC_OPTIMIZATION_LEVEL = s;
				INFOPLIST_FILE = Electrons/Info.plist;
				LD_RUNPATH_SEARCH_PATHS = (
					"$(inherited)",
					"@executable_path/Frameworks",
				);
				LLVM_LTO = YES_THIN;
				PRODUCT_BUNDLE_IDENTIFIER = com.applyn.Electrons;
				PRODUCT_NAME = "$(TARGET_NAME)";
				SWIFT_OPTIMIZATION_LEVEL = "-O";
				SWIFT_VERSION = 5.0;
				TARGETED_DEVICE_FAMILY = "1,2";
			};
			name = Debug;
		};
		7FBC4D5C2258EC82008D5C75 /* Release */ = {
			isa = XCBuildConfiguration;
			buildSettings = {
				ASSETCATALOG_COMPILER_APPICON_NAME = AppIcon;
				ASSETCATALOG_COMPILER_OPTIMIZATION = time;
				CODE_SIGN_STYLE = Automatic;
				DEVELOPMENT_TEAM = B9K7BH8N94;
				GCC_OPTIMIZATION_LEVEL = s;
				INFOPLIST_FILE = Electrons/Info.plist;
				LD_RUNPATH_SEARCH_PATHS = (
					"$(inherited)",
					"@executable_path/Frameworks",
				);
				LLVM_LTO = YES_THIN;
				PRODUCT_BUNDLE_IDENTIFIER = com.applyn.Electrons;
				PRODUCT_NAME = "$(TARGET_NAME)";
				SWIFT_OPTIMIZATION_LEVEL = "-O";
				SWIFT_VERSION = 5.0;
				TARGETED_DEVICE_FAMILY = "1,2";
			};
			name = Release;
		};
/* End XCBuildConfiguration section */

/* Begin XCConfigurationList section */
		7FBC4D432258EC81008D5C75 /* Build configuration list for PBXProject "Electrons" */ = {
			isa = XCConfigurationList;
			buildConfigurations = (
				7FBC4D582258EC82008D5C75 /* Debug */,
				7FBC4D592258EC82008D5C75 /* Release */,
			);
			defaultConfigurationIsVisible = 0;
			defaultConfigurationName = Release;
		};
		7FBC4D5A2258EC82008D5C75 /* Build configuration list for PBXNativeTarget "Electrons" */ = {
			isa = XCConfigurationList;
			buildConfigurations = (
				7FBC4D5B2258EC82008D5C75 /* Debug */,
				7FBC4D5C2258EC82008D5C75 /* Release */,
			);
			defaultConfigurationIsVisible = 0;
			defaultConfigurationName = Release;
		};
/* End XCConfigurationList section */
	};
	rootObject = 7FBC4D402258EC81008D5C75 /* Project object */;
}
